
Microsoft Visual Studio Solution File, Format Version 12.00
# Visual Studio Version 17
VisualStudioVersion = 17.14.36301.6 d17.14
MinimumVisualStudioVersion = 10.0.40219.1
Project("{FAE04EC0-301F-11D3-BF4B-00C04F79EFBC}") = "Prueba_Repositorio1_Adrian", "Prueba_Repositorio1_Adrian\Prueba_Repositorio1_Adrian.csproj", "{67946E01-716E-40A4-917D-71166AD6E52C}"
EndProject
Global
	GlobalSection(SolutionConfigurationPlatforms) = preSolution
		Debug|Any CPU = Debug|Any CPU
		Release|Any CPU = Release|Any CPU
	EndGlobalSection
	GlobalSection(ProjectConfigurationPlatforms) = postSolution
		{67946E01-716E-40A4-917D-71166AD6E52C}.Debug|Any CPU.ActiveCfg = Debug|Any CPU
		{67946E01-716E-40A4-917D-71166AD6E52C}.Debug|Any CPU.Build.0 = Debug|Any CPU
		{67946E01-716E-40A4-917D-71166AD6E52C}.Release|Any CPU.ActiveCfg = Release|Any CPU
		{67946E01-716E-40A4-917D-71166AD6E52C}.Release|Any CPU.Build.0 = Release|Any CPU
	EndGlobalSection
	GlobalSection(SolutionProperties) = preSolution
		HideSolutionNode = FALSE
	EndGlobalSection
	GlobalSection(ExtensibilityGlobals) = postSolution
		SolutionGuid = {3D70B144-6522-469F-95CD-3E3D190EED3D}
	EndGlobalSection
EndGlobal
